
Microsoft Visual Studio Solution File, Format Version 12.00
# Visual Studio 14
VisualStudioVersion = 14.0.25420.1
MinimumVisualStudioVersion = 10.0.40219.1
Project("{8BC9CEB8-8B4A-11D0-8D11-00A0C91BC942}") = "SampleProject", "SampleProject\SampleProject.vcxproj", "{C1829909-9401-4DDA-B05D-FD555CA64B4F}"
EndProject
Project("{8BC9CEB8-8B4A-11D0-8D11-00A0C91BC942}") = "ConstructorAndDestructor", "ConstructorAndDestructor\ConstructorAndDestructor.vcxproj", "{1084DA8A-171D-4B30-8A97-77DF5B8B98D2}"
EndProject
Project("{8BC9CEB8-8B4A-11D0-8D11-00A0C91BC942}") = "Snake", "Snake\Snake.vcxproj", "{64A2F397-EE21-457E-8B73-25DC3FFFA5AF}"
EndProject
Project("{8BC9CEB8-8B4A-11D0-8D11-00A0C91BC942}") = "Inline", "Inline\Inline.vcxproj", "{5EB727A1-3105-4944-AC56-BE1A3455B40D}"
EndProject
Project("{8BC9CEB8-8B4A-11D0-8D11-00A0C91BC942}") = "PointerToObjects", "PointerToObjects\PointerToObjects.vcxproj", "{A2575FFC-F31A-48BB-B1C9-2B47C8E89BCB}"
EndProject
Project("{8BC9CEB8-8B4A-11D0-8D11-00A0C91BC942}") = "Module2", "Module2\Module2.vcxproj", "{7880180E-25E6-42C7-AF81-88CDEAF96681}"
EndProject
Project("{8BC9CEB8-8B4A-11D0-8D11-00A0C91BC942}") = "Module3", "Module3\Module3.vcxproj", "{B4266F2F-39C2-498B-8C4C-EE75EF96FAE7}"
EndProject
Project("{8BC9CEB8-8B4A-11D0-8D11-00A0C91BC942}") = "OwnStringImplementation", "OwnStringImplementation\OwnStringImplementation.vcxproj", "{89E70A82-A4B8-4FD8-A263-95985DF02695}"
EndProject
Project("{8BC9CEB8-8B4A-11D0-8D11-00A0C91BC942}") = "Overloading", "Overloading\Overloading.vcxproj", "{8ACC2DB7-0E5C-46BA-9D35-F6636D26977F}"
EndProject
Project("{8BC9CEB8-8B4A-11D0-8D11-00A0C91BC942}") = "MoveConstructor", "MoveConstructor\MoveConstructor.vcxproj", "{C6EED12E-6DBA-477F-928A-68A91DBD3571}"
EndProject
Project("{8BC9CEB8-8B4A-11D0-8D11-00A0C91BC942}") = "DefaultAndDelete", "DefaultAndDelete\DefaultAndDelete.vcxproj", "{3503A687-3927-4F9B-B5CA-0BF053FEF69A}"
EndProject
Project("{8BC9CEB8-8B4A-11D0-8D11-00A0C91BC942}") = "Overloading2", "Overloading2\Overloading2.vcxproj", "{050BD8BE-2E4C-4A06-B4CD-13F95C61A81A}"
EndProject
Global
	GlobalSection(SolutionConfigurationPlatforms) = preSolution
		Debug|x64 = Debug|x64
		Debug|x86 = Debug|x86
		Release|x64 = Release|x64
		Release|x86 = Release|x86
	EndGlobalSection
	GlobalSection(ProjectConfigurationPlatforms) = postSolution
		{C1829909-9401-4DDA-B05D-FD555CA64B4F}.Debug|x64.ActiveCfg = Debug|x64
		{C1829909-9401-4DDA-B05D-FD555CA64B4F}.Debug|x64.Build.0 = Debug|x64
		{C1829909-9401-4DDA-B05D-FD555CA64B4F}.Debug|x86.ActiveCfg = Debug|Win32
		{C1829909-9401-4DDA-B05D-FD555CA64B4F}.Debug|x86.Build.0 = Debug|Win32
		{C1829909-9401-4DDA-B05D-FD555CA64B4F}.Release|x64.ActiveCfg = Release|x64
		{C1829909-9401-4DDA-B05D-FD555CA64B4F}.Release|x64.Build.0 = Release|x64
		{C1829909-9401-4DDA-B05D-FD555CA64B4F}.Release|x86.ActiveCfg = Release|Win32
		{C1829909-9401-4DDA-B05D-FD555CA64B4F}.Release|x86.Build.0 = Release|Win32
		{1084DA8A-171D-4B30-8A97-77DF5B8B98D2}.Debug|x64.ActiveCfg = Debug|x64
		{1084DA8A-171D-4B30-8A97-77DF5B8B98D2}.Debug|x64.Build.0 = Debug|x64
		{1084DA8A-171D-4B30-8A97-77DF5B8B98D2}.Debug|x86.ActiveCfg = Debug|Win32
		{1084DA8A-171D-4B30-8A97-77DF5B8B98D2}.Debug|x86.Build.0 = Debug|Win32
		{1084DA8A-171D-4B30-8A97-77DF5B8B98D2}.Release|x64.ActiveCfg = Release|x64
		{1084DA8A-171D-4B30-8A97-77DF5B8B98D2}.Release|x64.Build.0 = Release|x64
		{1084DA8A-171D-4B30-8A97-77DF5B8B98D2}.Release|x86.ActiveCfg = Release|Win32
		{1084DA8A-171D-4B30-8A97-77DF5B8B98D2}.Release|x86.Build.0 = Release|Win32
		{64A2F397-EE21-457E-8B73-25DC3FFFA5AF}.Debug|x64.ActiveCfg = Debug|x64
		{64A2F397-EE21-457E-8B73-25DC3FFFA5AF}.Debug|x64.Build.0 = Debug|x64
		{64A2F397-EE21-457E-8B73-25DC3FFFA5AF}.Debug|x86.ActiveCfg = Debug|Win32
		{64A2F397-EE21-457E-8B73-25DC3FFFA5AF}.Debug|x86.Build.0 = Debug|Win32
		{64A2F397-EE21-457E-8B73-25DC3FFFA5AF}.Release|x64.ActiveCfg = Release|x64
		{64A2F397-EE21-457E-8B73-25DC3FFFA5AF}.Release|x64.Build.0 = Release|x64
		{64A2F397-EE21-457E-8B73-25DC3FFFA5AF}.Release|x86.ActiveCfg = Release|Win32
		{64A2F397-EE21-457E-8B73-25DC3FFFA5AF}.Release|x86.Build.0 = Release|Win32
		{5EB727A1-3105-4944-AC56-BE1A3455B40D}.Debug|x64.ActiveCfg = Debug|x64
		{5EB727A1-3105-4944-AC56-BE1A3455B40D}.Debug|x64.Build.0 = Debug|x64
		{5EB727A1-3105-4944-AC56-BE1A3455B40D}.Debug|x86.ActiveCfg = Debug|Win32
		{5EB727A1-3105-4944-AC56-BE1A3455B40D}.Debug|x86.Build.0 = Debug|Win32
		{5EB727A1-3105-4944-AC56-BE1A3455B40D}.Release|x64.ActiveCfg = Release|x64
		{5EB727A1-3105-4944-AC56-BE1A3455B40D}.Release|x64.Build.0 = Release|x64
		{5EB727A1-3105-4944-AC56-BE1A3455B40D}.Release|x86.ActiveCfg = Release|Win32
		{5EB727A1-3105-4944-AC56-BE1A3455B40D}.Release|x86.Build.0 = Release|Win32
		{A2575FFC-F31A-48BB-B1C9-2B47C8E89BCB}.Debug|x64.ActiveCfg = Debug|x64
		{A2575FFC-F31A-48BB-B1C9-2B47C8E89BCB}.Debug|x64.Build.0 = Debug|x64
		{A2575FFC-F31A-48BB-B1C9-2B47C8E89BCB}.Debug|x86.ActiveCfg = Debug|Win32
		{A2575FFC-F31A-48BB-B1C9-2B47C8E89BCB}.Debug|x86.Build.0 = Debug|Win32
		{A2575FFC-F31A-48BB-B1C9-2B47C8E89BCB}.Release|x64.ActiveCfg = Release|x64
		{A2575FFC-F31A-48BB-B1C9-2B47C8E89BCB}.Release|x64.Build.0 = Release|x64
		{A2575FFC-F31A-48BB-B1C9-2B47C8E89BCB}.Release|x86.ActiveCfg = Release|Win32
		{A2575FFC-F31A-48BB-B1C9-2B47C8E89BCB}.Release|x86.Build.0 = Release|Win32
		{7880180E-25E6-42C7-AF81-88CDEAF96681}.Debug|x64.ActiveCfg = Debug|x64
		{7880180E-25E6-42C7-AF81-88CDEAF96681}.Debug|x64.Build.0 = Debug|x64
		{7880180E-25E6-42C7-AF81-88CDEAF96681}.Debug|x86.ActiveCfg = Debug|Win32
		{7880180E-25E6-42C7-AF81-88CDEAF96681}.Debug|x86.Build.0 = Debug|Win32
		{7880180E-25E6-42C7-AF81-88CDEAF96681}.Release|x64.ActiveCfg = Release|x64
		{7880180E-25E6-42C7-AF81-88CDEAF96681}.Release|x64.Build.0 = Release|x64
		{7880180E-25E6-42C7-AF81-88CDEAF96681}.Release|x86.ActiveCfg = Release|Win32
		{7880180E-25E6-42C7-AF81-88CDEAF96681}.Release|x86.Build.0 = Release|Win32
		{B4266F2F-39C2-498B-8C4C-EE75EF96FAE7}.Debug|x64.ActiveCfg = Debug|x64
		{B4266F2F-39C2-498B-8C4C-EE75EF96FAE7}.Debug|x64.Build.0 = Debug|x64
		{B4266F2F-39C2-498B-8C4C-EE75EF96FAE7}.Debug|x86.ActiveCfg = Debug|Win32
		{B4266F2F-39C2-498B-8C4C-EE75EF96FAE7}.Debug|x86.Build.0 = Debug|Win32
		{B4266F2F-39C2-498B-8C4C-EE75EF96FAE7}.Release|x64.ActiveCfg = Release|x64
		{B4266F2F-39C2-498B-8C4C-EE75EF96FAE7}.Release|x64.Build.0 = Release|x64
		{B4266F2F-39C2-498B-8C4C-EE75EF96FAE7}.Release|x86.ActiveCfg = Release|Win32
		{B4266F2F-39C2-498B-8C4C-EE75EF96FAE7}.Release|x86.Build.0 = Release|Win32
		{89E70A82-A4B8-4FD8-A263-95985DF02695}.Debug|x64.ActiveCfg = Debug|x64
		{89E70A82-A4B8-4FD8-A263-95985DF02695}.Debug|x64.Build.0 = Debug|x64
		{89E70A82-A4B8-4FD8-A263-95985DF02695}.Debug|x86.ActiveCfg = Debug|Win32
		{89E70A82-A4B8-4FD8-A263-95985DF02695}.Debug|x86.Build.0 = Debug|Win32
		{89E70A82-A4B8-4FD8-A263-95985DF02695}.Release|x64.ActiveCfg = Release|x64
		{89E70A82-A4B8-4FD8-A263-95985DF02695}.Release|x64.Build.0 = Release|x64
		{89E70A82-A4B8-4FD8-A263-95985DF02695}.Release|x86.ActiveCfg = Release|Win32
		{89E70A82-A4B8-4FD8-A263-95985DF02695}.Release|x86.Build.0 = Release|Win32
		{8ACC2DB7-0E5C-46BA-9D35-F6636D26977F}.Debug|x64.ActiveCfg = Debug|x64
		{8ACC2DB7-0E5C-46BA-9D35-F6636D26977F}.Debug|x64.Build.0 = Debug|x64
		{8ACC2DB7-0E5C-46BA-9D35-F6636D26977F}.Debug|x86.ActiveCfg = Debug|Win32
		{8ACC2DB7-0E5C-46BA-9D35-F6636D26977F}.Debug|x86.Build.0 = Debug|Win32
		{8ACC2DB7-0E5C-46BA-9D35-F6636D26977F}.Release|x64.ActiveCfg = Release|x64
		{8ACC2DB7-0E5C-46BA-9D35-F6636D26977F}.Release|x64.Build.0 = Release|x64
		{8ACC2DB7-0E5C-46BA-9D35-F6636D26977F}.Release|x86.ActiveCfg = Release|Win32
		{8ACC2DB7-0E5C-46BA-9D35-F6636D26977F}.Release|x86.Build.0 = Release|Win32
		{C6EED12E-6DBA-477F-928A-68A91DBD3571}.Debug|x64.ActiveCfg = Debug|x64
		{C6EED12E-6DBA-477F-928A-68A91DBD3571}.Debug|x64.Build.0 = Debug|x64
		{C6EED12E-6DBA-477F-928A-68A91DBD3571}.Debug|x86.ActiveCfg = Debug|Win32
		{C6EED12E-6DBA-477F-928A-68A91DBD3571}.Debug|x86.Build.0 = Debug|Win32
		{C6EED12E-6DBA-477F-928A-68A91DBD3571}.Release|x64.ActiveCfg = Release|x64
		{C6EED12E-6DBA-477F-928A-68A91DBD3571}.Release|x64.Build.0 = Release|x64
		{C6EED12E-6DBA-477F-928A-68A91DBD3571}.Release|x86.ActiveCfg = Release|Win32
		{C6EED12E-6DBA-477F-928A-68A91DBD3571}.Release|x86.Build.0 = Release|Win32
		{3503A687-3927-4F9B-B5CA-0BF053FEF69A}.Debug|x64.ActiveCfg = Debug|x64
		{3503A687-3927-4F9B-B5CA-0BF053FEF69A}.Debug|x64.Build.0 = Debug|x64
		{3503A687-3927-4F9B-B5CA-0BF053FEF69A}.Debug|x86.ActiveCfg = Debug|Win32
		{3503A687-3927-4F9B-B5CA-0BF053FEF69A}.Debug|x86.Build.0 = Debug|Win32
		{3503A687-3927-4F9B-B5CA-0BF053FEF69A}.Release|x64.ActiveCfg = Release|x64
		{3503A687-3927-4F9B-B5CA-0BF053FEF69A}.Release|x64.Build.0 = Release|x64
		{3503A687-3927-4F9B-B5CA-0BF053FEF69A}.Release|x86.ActiveCfg = Release|Win32
		{3503A687-3927-4F9B-B5CA-0BF053FEF69A}.Release|x86.Build.0 = Release|Win32
		{050BD8BE-2E4C-4A06-B4CD-13F95C61A81A}.Debug|x64.ActiveCfg = Debug|x64
		{050BD8BE-2E4C-4A06-B4CD-13F95C61A81A}.Debug|x64.Build.0 = Debug|x64
		{050BD8BE-2E4C-4A06-B4CD-13F95C61A81A}.Debug|x86.ActiveCfg = Debug|Win32
		{050BD8BE-2E4C-4A06-B4CD-13F95C61A81A}.Debug|x86.Build.0 = Debug|Win32
		{050BD8BE-2E4C-4A06-B4CD-13F95C61A81A}.Release|x64.ActiveCfg = Release|x64
		{050BD8BE-2E4C-4A06-B4CD-13F95C61A81A}.Release|x64.Build.0 = Release|x64
		{050BD8BE-2E4C-4A06-B4CD-13F95C61A81A}.Release|x86.ActiveCfg = Release|Win32
		{050BD8BE-2E4C-4A06-B4CD-13F95C61A81A}.Release|x86.Build.0 = Release|Win32
	EndGlobalSection
	GlobalSection(SolutionProperties) = preSolution
		HideSolutionNode = FALSE
	EndGlobalSection
EndGlobal
